# Generated by conda-lock.
# platform: linux-64
# input_hash: ccfeebe6ada79af0859f2af287ca701dcfe4d5fb50cb27e442e3e4117baf2112
@EXPLICIT
https://conda.anaconda.org/conda-forge/linux-64/_libgcc_mutex-0.1-conda_forge.tar.bz2#d7c89558ba9fa0495403155b64376d81
https://conda.anaconda.org/conda-forge/linux-64/libopentelemetry-cpp-headers-1.21.0-ha770c72_0.conda#11b1bed92c943d3b741e8a1e1a815ed1
https://conda.anaconda.org/conda-forge/linux-64/nlohmann_json-3.12.0-h3f2d84a_0.conda#d76872d096d063e226482c99337209dc
https://conda.anaconda.org/conda-forge/noarch/python_abi-3.13-7_cp313.conda#e84b44e6300f1703cb25d29120c5b1d8
https://conda.anaconda.org/conda-forge/noarch/tzdata-2025b-h78e105d_0.conda#4222072737ccff51314b5ece9c7d6f5a
https://conda.anaconda.org/conda-forge/noarch/ca-certificates-2025.6.15-hbd8a1cb_0.conda#72525f07d72806e3b639ad4504c30ce5
https://conda.anaconda.org/conda-forge/linux-64/ld_impl_linux-64-2.43-h1423503_5.conda#6dc9e1305e7d3129af4ad0dabda30e56
https://conda.anaconda.org/conda-forge/linux-64/libgomp-15.1.0-h767d61c_3.conda#3cd1a7238a0dd3d0860fdefc496cc854
https://conda.anaconda.org/conda-forge/linux-64/_openmp_mutex-4.5-2_gnu.tar.bz2#73aaf86a425cc6e73fcf236a5a46396d
https://conda.anaconda.org/conda-forge/linux-64/libgcc-15.1.0-h767d61c_3.conda#9e60c55e725c20d23125a5f0dd69af5d
https://conda.anaconda.org/conda-forge/linux-64/aws-c-common-0.12.3-hb9d3cd8_0.conda#8448031a22c697fac3ed98d69e8a9160
https://conda.anaconda.org/conda-forge/linux-64/c-ares-1.34.5-hb9d3cd8_0.conda#f7f0d6cc2dc986d42ac2689ec88192be
https://conda.anaconda.org/conda-forge/linux-64/libbrotlicommon-1.1.0-hb9d3cd8_3.conda#cb98af5db26e3f482bebb80ce9d947d3
https://conda.anaconda.org/conda-forge/linux-64/libdeflate-1.24-h86f0d12_0.conda#64f0c503da58ec25ebd359e4d990afa8
https://conda.anaconda.org/conda-forge/linux-64/libexpat-2.7.0-h5888daf_0.conda#db0bfbe7dd197b68ad5f30333bae6ce0
https://conda.anaconda.org/conda-forge/linux-64/libffi-3.4.6-h2dba641_1.conda#ede4673863426c0883c0063d853bbd85
https://conda.anaconda.org/conda-forge/linux-64/libgcc-ng-15.1.0-h69a702a_3.conda#e66f2b8ad787e7beb0f846e4bd7e8493
https://conda.anaconda.org/conda-forge/linux-64/libgfortran5-15.1.0-hcea5267_3.conda#530566b68c3b8ce7eec4cd047eae19fe
https://conda.anaconda.org/conda-forge/linux-64/libiconv-1.18-h4ce23a2_1.conda#e796ff8ddc598affdf7c173d6145f087
https://conda.anaconda.org/conda-forge/linux-64/libjpeg-turbo-3.1.0-hb9d3cd8_0.conda#9fa334557db9f63da6c9285fd2a48638
https://conda.anaconda.org/conda-forge/linux-64/liblzma-5.8.1-hb9d3cd8_2.conda#1a580f7796c7bf6393fddb8bbbde58dc
https://conda.anaconda.org/conda-forge/linux-64/libmpdec-4.0.0-hb9d3cd8_0.conda#c7e925f37e3b40d893459e625f6a53f1
https://conda.anaconda.org/conda-forge/linux-64/libstdcxx-15.1.0-h8f9b012_3.conda#6d11a5edae89fe413c0569f16d308f5a
https://conda.anaconda.org/conda-forge/linux-64/libutf8proc-2.10.0-h202a827_0.conda#0f98f3e95272d118f7931b6bef69bfe5
https://conda.anaconda.org/conda-forge/linux-64/libwebp-base-1.5.0-h851e524_0.conda#63f790534398730f59e1b899c3644d4a
https://conda.anaconda.org/conda-forge/linux-64/libzlib-1.3.1-hb9d3cd8_2.conda#edb0dca6bc32e4f4789199455a1dbeb8
https://conda.anaconda.org/conda-forge/linux-64/ncurses-6.5-h2d0b736_3.conda#47e340acb35de30501a76c7c799c41d7
https://conda.anaconda.org/conda-forge/linux-64/openssl-3.5.0-h7b32b05_1.conda#de356753cfdbffcde5bb1e86e3aa6cd0
https://conda.anaconda.org/conda-forge/linux-64/pthread-stubs-0.4-hb9d3cd8_1002.conda#b3c17d95b5a10c6e64a21fa17573e70e
https://conda.anaconda.org/conda-forge/linux-64/xorg-libxau-1.0.12-hb9d3cd8_0.conda#f6ebe2cb3f82ba6c057dde5d9debe4f7
https://conda.anaconda.org/conda-forge/linux-64/xorg-libxdmcp-1.1.5-hb9d3cd8_0.conda#8035c64cb77ed555e3f150b7b3972480
https://conda.anaconda.org/conda-forge/linux-64/aws-c-cal-0.9.2-h5e3027f_0.conda#0ead3ab65460d51efb27e5186f50f8e4
https://conda.anaconda.org/conda-forge/linux-64/aws-c-compression-0.3.1-hafb2847_5.conda#e96cc668c0f9478f5771b37d57f90386
https://conda.anaconda.org/conda-forge/linux-64/aws-c-sdkutils-0.2.4-hafb2847_0.conda#65853df44b7e4029d978c50be888ed89
https://conda.anaconda.org/conda-forge/linux-64/aws-checksums-0.2.7-hafb2847_1.conda#6d28d50637fac4f081a0903b4b33d56d
https://conda.anaconda.org/conda-forge/linux-64/bzip2-1.0.8-h4bc722e_7.conda#62ee74e96c5ebb0af99386de58cf9553
https://conda.anaconda.org/conda-forge/linux-64/gflags-2.2.2-h5888daf_1005.conda#d411fc29e338efb48c5fd4576d71d881
https://conda.anaconda.org/conda-forge/linux-64/keyutils-1.6.1-h166bdaf_0.tar.bz2#30186d27e2c9fa62b45fb1476b7200e3
https://conda.anaconda.org/conda-forge/linux-64/lerc-4.0.0-h0aef613_1.conda#9344155d33912347b37f0ae6c410a835
https://conda.anaconda.org/conda-forge/linux-64/libabseil-20250127.1-cxx17_hbbce691_0.conda#00290e549c5c8a32cc271020acc9ec6b
https://conda.anaconda.org/conda-forge/linux-64/libaec-1.1.4-h3f801dc_0.conda#01ba04e414e47f95c03d6ddd81fd37be
https://conda.anaconda.org/conda-forge/linux-64/libbrotlidec-1.1.0-hb9d3cd8_3.conda#1c6eecffad553bde44c5238770cfb7da
https://conda.anaconda.org/conda-forge/linux-64/libbrotlienc-1.1.0-hb9d3cd8_3.conda#3facafe58f3858eb95527c7d3a3fc578
https://conda.anaconda.org/conda-forge/linux-64/libedit-3.1.20250104-pl5321h7949ede_0.conda#c277e0a4d549b03ac1e9d6cbbe3d017b
https://conda.anaconda.org/conda-forge/linux-64/libev-4.33-hd590300_2.conda#172bf1cd1ff8629f2b1179945ed45055
https://conda.anaconda.org/conda-forge/linux-64/libevent-2.1.12-hf998b51_1.conda#a1cfcc585f0c42bf8d5546bb1dfb668d
https://conda.anaconda.org/conda-forge/linux-64/libgfortran-15.1.0-h69a702a_3.conda#bfbca721fd33188ef923dfe9ba172f29
https://conda.anaconda.org/conda-forge/linux-64/libpng-1.6.49-h943b412_0.conda#37511c874cf3b8d0034c8d24e73c0884
https://conda.anaconda.org/conda-forge/linux-64/libsqlite-3.50.2-h6cd9bfd_0.conda#b04c7eda6d7dab1e6503135e7fad4d25
https://conda.anaconda.org/conda-forge/linux-64/libssh2-1.11.1-hcf80075_0.conda#eecce068c7e4eddeb169591baac20ac4
https://conda.anaconda.org/conda-forge/linux-64/libstdcxx-ng-15.1.0-h4852527_3.conda#57541755b5a51691955012b8e197c06c
https://conda.anaconda.org/conda-forge/linux-64/libuuid-2.38.1-h0b41bf4_0.conda#40b61aab5c7ba9ff276c41cfffe6b80b
https://conda.anaconda.org/conda-forge/linux-64/libxcb-1.17.0-h8a09558_0.conda#92ed62436b625154323d40d5f2f11dd7
https://conda.anaconda.org/conda-forge/linux-64/lz4-c-1.10.0-h5888daf_1.conda#9de5350a85c4a20c685259b889aa6393
https://conda.anaconda.org/conda-forge/linux-64/readline-8.2-h8c095d6_2.conda#283b96675859b20a825f8fa30f311446
https://conda.anaconda.org/conda-forge/linux-64/s2n-1.5.21-h7ab7c64_0.conda#28b5a7895024a754249b2ad7de372faa
https://conda.anaconda.org/conda-forge/linux-64/snappy-1.2.1-h8bd8927_1.conda#3b3e64af585eadfb52bb90b553db5edf
https://conda.anaconda.org/conda-forge/linux-64/tk-8.6.13-noxft_hd72426e_102.conda#a0116df4f4ed05c303811a837d5b39d8
https://conda.anaconda.org/conda-forge/linux-64/yaml-0.2.5-h7f98852_2.tar.bz2#4cb3ad778ec2d5a7acbdf254eb1c42ae
https://conda.anaconda.org/conda-forge/linux-64/zlib-1.3.1-hb9d3cd8_2.conda#c9f075ab2f33b3bbee9e62d4ad0a6cd8
https://conda.anaconda.org/conda-forge/linux-64/zstd-1.5.7-hb8e6e7a_2.conda#6432cb5d4ac0046c3ac0a8a0f95842f9
https://conda.anaconda.org/conda-forge/linux-64/aws-c-io-0.20.1-hdfce8c9_0.conda#dd2d3530296d75023a19bc9dfb0a1d59
https://conda.anaconda.org/conda-forge/linux-64/blosc-1.21.6-he440d0b_1.conda#2c2fae981fd2afd00812c92ac47d023d
https://conda.anaconda.org/conda-forge/linux-64/glog-0.7.1-hbabe93e_0.conda#ff862eebdfeb2fd048ae9dc92510baca
https://conda.anaconda.org/conda-forge/linux-64/hdf4-4.2.15-h2a13503_7.conda#bd77f8da987968ec3927990495dc22e4
https://conda.anaconda.org/conda-forge/linux-64/icu-75.1-he02047a_0.conda#8b189310083baabfb622af68fd9d3ae3
https://conda.anaconda.org/conda-forge/linux-64/krb5-1.21.3-h659f571_0.conda#3f43953b7d3fb3aaa1d0d0723d91e368
https://conda.anaconda.org/conda-forge/linux-64/libcrc32c-1.1.2-h9c3ff4c_0.tar.bz2#c965a5aa0d5c1c37ffc62dff36e28400
https://conda.anaconda.org/conda-forge/linux-64/libfreetype6-2.13.3-h48d6fc4_1.conda#3c255be50a506c50765a93a6644f32fe
https://conda.anaconda.org/conda-forge/linux-64/libnghttp2-1.64.0-h161d5f1_0.conda#19e57602824042dfd0446292ef90488b
https://conda.anaconda.org/conda-forge/linux-64/libopenblas-0.3.30-pthreads_h94d23a6_0.conda#323dc8f259224d13078aaf7ce96c3efe
https://conda.anaconda.org/conda-forge/linux-64/libprotobuf-5.29.3-h501fc15_1.conda#edb86556cf4a0c133e7932a1597ff236
https://conda.anaconda.org/conda-forge/linux-64/libre2-11-2025.06.26-hba17884_0.conda#f6881c04e6617ebba22d237c36f1b88e
https://conda.anaconda.org/conda-forge/linux-64/libthrift-0.21.0-h0e7cc3e_0.conda#dcb95c0a98ba9ff737f7ae482aef7833
https://conda.anaconda.org/conda-forge/linux-64/libtiff-4.7.0-hf01ce69_5.conda#e79a094918988bb1807462cd42c83962
https://conda.anaconda.org/conda-forge/linux-64/libzip-1.11.2-h6991a6a_0.conda#a7b27c075c9b7f459f1c022090697cba
https://conda.anaconda.org/conda-forge/linux-64/python-3.13.5-hec9711d_102_cp313.conda#89e07d92cf50743886f41638d58c4328
https://conda.anaconda.org/conda-forge/noarch/aiohappyeyeballs-2.6.1-pyhd8ed1ab_0.conda#18fd895e0e775622906cdabfc3cf0fb4
https://conda.anaconda.org/conda-forge/noarch/alabaster-1.0.0-pyhd8ed1ab_1.conda#1fd9696649f65fd6611fcdb4ffec738a
https://conda.anaconda.org/conda-forge/noarch/attrs-25.3.0-pyh71513ae_0.conda#a10d11958cadc13fdb43df75f8b1903f
https://conda.anaconda.org/conda-forge/linux-64/aws-c-event-stream-0.5.4-h76f0014_12.conda#f978f2a3032952350d0036c4c4a63bd6
https://conda.anaconda.org/conda-forge/linux-64/aws-c-http-0.10.2-h015de20_2.conda#ad05d594704926ba7c0c894a02ea98f1
https://conda.anaconda.org/conda-forge/noarch/blinker-1.9.0-pyhff2d567_0.conda#42834439227a4551b939beeeb8a4b085
https://conda.anaconda.org/conda-forge/linux-64/brotli-python-1.1.0-py313h46c70d0_3.conda#2babfedd9588ad40c7113ddfe6a5ca82
https://conda.anaconda.org/conda-forge/noarch/cached_property-1.5.2-pyha770c72_1.tar.bz2#576d629e47797577ab0f1b351297ef4a
https://conda.anaconda.org/conda-forge/noarch/certifi-2025.6.15-pyhd8ed1ab_0.conda#781d068df0cc2407d4db0ecfbb29225b
https://conda.anaconda.org/conda-forge/noarch/charset-normalizer-3.4.2-pyhd8ed1ab_0.conda#40fe4284b8b5835a9073a645139f35af
https://conda.anaconda.org/conda-forge/noarch/click-8.2.1-pyh707e725_0.conda#94b550b8d3a614dbd326af798c7dfb40
https://conda.anaconda.org/conda-forge/noarch/cloudpickle-3.1.1-pyhd8ed1ab_0.conda#364ba6c9fb03886ac979b482f39ebb92
https://conda.anaconda.org/conda-forge/noarch/colorama-0.4.6-pyhd8ed1ab_1.conda#962b9857ee8e7018c22f2776ffa0b2d7
https://conda.anaconda.org/conda-forge/noarch/docutils-0.21.2-pyhd8ed1ab_1.conda#24c1ca34138ee57de72a943237cde4cc
https://conda.anaconda.org/conda-forge/noarch/execnet-2.1.1-pyhd8ed1ab_1.conda#a71efeae2c160f6789900ba2631a2c90
https://conda.anaconda.org/conda-forge/linux-64/frozenlist-1.6.0-py313h61b7b33_0.conda#5e028b3e9037cdba89b3914eba571bef
https://conda.anaconda.org/conda-forge/noarch/fsspec-2025.5.1-pyhd8ed1ab_0.conda#2d2c9ef879a7e64e2dc657b09272c2b6
https://conda.anaconda.org/conda-forge/noarch/hpack-4.1.0-pyhd8ed1ab_0.conda#0a802cb9888dd14eeefc611f05c40b6e
https://conda.anaconda.org/conda-forge/noarch/hyperframe-6.1.0-pyhd8ed1ab_0.conda#8e6923fc12f1fe8f8c4e5c9f343256ac
https://conda.anaconda.org/conda-forge/noarch/idna-3.10-pyhd8ed1ab_1.conda#39a4f67be3286c86d696df570b1201b7
https://conda.anaconda.org/conda-forge/noarch/imagesize-1.4.1-pyhd8ed1ab_0.tar.bz2#7de5386c8fea29e76b303f37dde4c352
https://conda.anaconda.org/conda-forge/noarch/iniconfig-2.0.0-pyhd8ed1ab_1.conda#6837f3eff7dcea42ecd714ce1ac2b108
https://conda.anaconda.org/conda-forge/noarch/itsdangerous-2.2.0-pyhd8ed1ab_1.conda#7ac5f795c15f288984e32add616cdc59
https://conda.anaconda.org/conda-forge/noarch/jmespath-1.0.1-pyhd8ed1ab_1.conda#972bdca8f30147135f951847b30399ea
https://conda.anaconda.org/conda-forge/linux-64/lazy-object-proxy-1.11.0-py313h536fd9c_0.conda#b9404460f9ab72f31b35b8c07c59ad68
https://conda.anaconda.org/conda-forge/linux-64/lcms2-2.17-h717163a_0.conda#000e85703f0fd9594c81710dd5066471
https://conda.anaconda.org/conda-forge/linux-64/libblas-3.9.0-32_h59b9bed_openblas.conda#2af9f3d5c2e39f417ce040f5a35c40c6
https://conda.anaconda.org/conda-forge/linux-64/libcurl-8.14.1-h332b0f4_0.conda#45f6713cb00f124af300342512219182
https://conda.anaconda.org/conda-forge/linux-64/libfreetype-2.13.3-ha770c72_1.conda#51f5be229d83ecd401fb369ab96ae669
https://conda.anaconda.org/conda-forge/linux-64/libxml2-2.13.8-h4bc477f_0.conda#14dbe05b929e329dbaa6f2d0aa19466d
https://conda.anaconda.org/conda-forge/noarch/locket-1.0.0-pyhd8ed1ab_0.tar.bz2#91e27ef3d05cc772ce627e51cff111c4
https://conda.anaconda.org/conda-forge/linux-64/lz4-4.4.4-py313h8756d67_0.conda#c56653951f28dcd2c5be9338208b23df
https://conda.anaconda.org/conda-forge/linux-64/markupsafe-3.0.2-py313h8060acc_1.conda#21b62c55924f01b6eef6827167b46acb
https://conda.anaconda.org/conda-forge/linux-64/msgpack-python-1.1.1-py313h33d0bda_0.conda#009fb5ad03d4506be5f1e5c2f875f1c2
https://conda.anaconda.org/conda-forge/linux-64/multidict-6.6.3-py313h8060acc_0.conda#0cabb3f2ba71300370fcebe973d9ae38
https://conda.anaconda.org/conda-forge/noarch/narwhals-1.44.0-pyhe01879c_0.conda#e4d62696245e39222c5df7f903c7bf3a
https://conda.anaconda.org/conda-forge/linux-64/openjpeg-2.5.3-h5fbd93e_0.conda#9e5816bc95d285c115a3ebc2f8563564
https://conda.anaconda.org/conda-forge/linux-64/orc-2.1.2-h17f744e_0.conda#ef7f9897a244b2023a066c22a1089ce4
https://conda.anaconda.org/conda-forge/noarch/packaging-25.0-pyh29332c3_1.conda#58335b26c38bf4a20f399384c33cbcf9
https://conda.anaconda.org/conda-forge/noarch/pathable-0.4.4-pyhd8ed1ab_0.conda#7177a7cde05e5b0b3635e13f07b13733
https://conda.anaconda.org/conda-forge/noarch/pip-25.1.1-pyh145f28c_0.conda#01384ff1639c6330a0924791413b8714
https://conda.anaconda.org/conda-forge/noarch/pkgutil-resolve-name-1.3.10-pyhd8ed1ab_2.conda#5a5870a74432aa332f7d32180633ad05
https://conda.anaconda.org/conda-forge/noarch/pluggy-1.6.0-pyhd8ed1ab_0.conda#7da7ccd349dbf6487a7778579d2bb971
https://conda.anaconda.org/conda-forge/linux-64/propcache-0.3.1-py313h8060acc_0.conda#b62867739241368f43f164889b45701b
https://conda.anaconda.org/conda-forge/linux-64/psutil-7.0.0-py313h536fd9c_0.conda#8f315d1fce04a046c1b93fa6e536661d
https://conda.anaconda.org/conda-forge/noarch/pycparser-2.22-pyh29332c3_1.conda#12c566707c80111f9799308d9e265aef
https://conda.anaconda.org/conda-forge/noarch/pygments-2.19.2-pyhd8ed1ab_0.conda#6b6ece66ebcae2d5f326c77ef2c5a066
https://conda.anaconda.org/conda-forge/noarch/pyparsing-3.2.3-pyhd8ed1ab_1.conda#513d3c262ee49b54a8fec85c5bc99764
https://conda.anaconda.org/conda-forge/noarch/pysocks-1.7.1-pyha55dd90_7.conda#461219d1a5bd61342293efa2c0c90eac
https://conda.anaconda.org/conda-forge/noarch/python-tzdata-2025.2-pyhd8ed1ab_0.conda#88476ae6ebd24f39261e0854ac244f33
https://conda.anaconda.org/conda-forge/noarch/pytz-2025.2-pyhd8ed1ab_0.conda#bc8e3267d44011051f2eb14d22fb0960
https://conda.anaconda.org/conda-forge/linux-64/pyyaml-6.0.2-py313h8060acc_2.conda#50992ba61a8a1f8c2d346168ae1c86df
https://conda.anaconda.org/conda-forge/linux-64/re2-2025.06.26-h9925aae_0.conda#2b4249747a9091608dbff2bd22afde44
https://conda.anaconda.org/conda-forge/noarch/roman-numerals-py-3.1.0-pyhd8ed1ab_0.conda#5f0f24f8032c2c1bb33f59b75974f5fc
https://conda.anaconda.org/conda-forge/linux-64/rpds-py-0.25.1-py313h4b2b08d_0.conda#109d190262b861bb608b7c977c6971ff
https://conda.anaconda.org/conda-forge/noarch/six-1.17.0-pyhd8ed1ab_0.conda#a451d576819089b0d672f18768be0f65
https://conda.anaconda.org/conda-forge/noarch/snowballstemmer-3.0.1-pyhd8ed1ab_0.conda#755cf22df8693aa0d1aec1c123fa5863
https://conda.anaconda.org/conda-forge/noarch/sortedcontainers-2.4.0-pyhd8ed1ab_1.conda#0401a17ae845fa72c7210e206ec5647d
https://conda.anaconda.org/conda-forge/noarch/sphinxcontrib-jsmath-1.0.1-pyhd8ed1ab_1.conda#fa839b5ff59e192f411ccc7dae6588bb
https://conda.anaconda.org/conda-forge/noarch/tblib-3.1.0-pyhd8ed1ab_0.conda#a15c62b8a306b8978f094f76da2f903f
https://conda.anaconda.org/conda-forge/noarch/toml-0.10.2-pyhd8ed1ab_1.conda#b0dd904de08b7db706167240bf37b164
https://conda.anaconda.org/conda-forge/noarch/tomli-2.2.1-pyhd8ed1ab_1.conda#ac944244f1fed2eb49bae07193ae8215
https://conda.anaconda.org/conda-forge/noarch/toolz-1.0.0-pyhd8ed1ab_1.conda#40d0ed782a8aaa16ef248e68c06c168d
https://conda.anaconda.org/conda-forge/linux-64/tornado-6.5.1-py313h536fd9c_0.conda#e9434a5155db25c38ade26f71a2f5a48
https://conda.anaconda.org/conda-forge/noarch/types-pyyaml-6.0.12.20250516-pyhd8ed1ab_0.conda#08f87bee69ea651515a7431af534f01b
https://conda.anaconda.org/conda-forge/noarch/typing_extensions-4.14.0-pyhe01879c_0.conda#2adcd9bb86f656d3d43bf84af59a1faf
https://conda.anaconda.org/conda-forge/linux-64/ujson-5.10.0-py313h46c70d0_1.conda#7f4872b663aafde0f532543488656f5d
https://conda.anaconda.org/conda-forge/linux-64/wrapt-1.17.2-py313h536fd9c_0.conda#e6795cc8e926da2e2abb634a46c4d60c
https://conda.anaconda.org/conda-forge/noarch/xmltodict-0.14.2-pyhd8ed1ab_1.conda#96ef17b8734b174d35346da0762f0137
https://conda.anaconda.org/conda-forge/noarch/xyzservices-2025.4.0-pyhd8ed1ab_0.conda#5663fa346821cd06dc1ece2c2600be2c
https://conda.anaconda.org/conda-forge/noarch/zict-3.0.0-pyhd8ed1ab_1.conda#e52c2ef711ccf31bb7f70ca87d144b9e
https://conda.anaconda.org/conda-forge/noarch/zipp-3.23.0-pyhd8ed1ab_0.conda#df5e78d904988eb55042c0c97446079f
https://conda.anaconda.org/conda-forge/noarch/aioitertools-0.12.0-pyhd8ed1ab_1.conda#3eb47adbffac44483f59e580f8600a1e
https://conda.anaconda.org/conda-forge/noarch/aiosignal-1.3.2-pyhd8ed1ab_0.conda#1a3981115a398535dbe3f6d5faae3d36
https://conda.anaconda.org/conda-forge/linux-64/aws-c-auth-0.9.0-hbfa7f16_15.conda#16baa9bb7f70a1e457a82023898314a7
https://conda.anaconda.org/conda-forge/linux-64/aws-c-mqtt-0.13.1-h1e5e6c0_3.conda#d55921ca3469224f689f974278107308
https://conda.anaconda.org/conda-forge/linux-64/azure-core-cpp-1.14.0-h5cfcd09_0.conda#0a8838771cc2e985cd295e01ae83baf1
https://conda.anaconda.org/conda-forge/noarch/babel-2.17.0-pyhd8ed1ab_0.conda#0a01c169f0ab0f91b26e77a3301fbfe4
https://conda.anaconda.org/conda-forge/noarch/cached-property-1.5.2-hd8ed1ab_1.tar.bz2#9b347a7ec10940d3f7941ff6c460b551
https://conda.anaconda.org/conda-forge/linux-64/cffi-1.17.1-py313hfab6e84_0.conda#ce6386a5892ef686d6d680c345c40ad1
https://conda.anaconda.org/conda-forge/linux-64/coverage-7.9.1-py313h8060acc_0.conda#5e959c405af6d6b603810fdf12b6f191
https://conda.anaconda.org/conda-forge/linux-64/cytoolz-1.0.1-py313h536fd9c_0.conda#e886bb6a3c24f8b9dd4fcd1d617a1f64
https://conda.anaconda.org/conda-forge/noarch/deprecated-1.2.18-pyhd8ed1ab_0.conda#0cef44b1754ae4d6924ac0eef6b9fdbe
https://conda.anaconda.org/conda-forge/noarch/exceptiongroup-1.3.0-pyhd8ed1ab_0.conda#72e42d28960d875c7654614f8b50939a
https://conda.anaconda.org/conda-forge/noarch/h2-4.2.0-pyhd8ed1ab_0.conda#b4754fb1bdcb70c8fd54f918301582c6
https://conda.anaconda.org/conda-forge/linux-64/hdf5-1.14.6-nompi_h2d575fe_101.conda#d1f61f912e1968a8ac9834b62fde008d
https://conda.anaconda.org/conda-forge/noarch/importlib-metadata-8.7.0-pyhe01879c_1.conda#63ccfdc3a3ce25b027b8767eb722fca8
https://conda.anaconda.org/conda-forge/noarch/importlib_resources-6.5.2-pyhd8ed1ab_0.conda#c85c76dc67d75619a92f51dfbce06992
https://conda.anaconda.org/conda-forge/noarch/jinja2-3.1.6-pyhd8ed1ab_0.conda#446bd6c8cb26050d528881df495ce646
https://conda.anaconda.org/conda-forge/noarch/jsondiff-2.2.1-pyhd8ed1ab_1.conda#17bcb57d022fa03627dfa6a782009a0c
https://conda.anaconda.org/conda-forge/linux-64/libcblas-3.9.0-32_he106b2a_openblas.conda#3d3f9355e52f269cd8bc2c440d8a5263
https://conda.anaconda.org/conda-forge/linux-64/libgrpc-1.71.0-h8e591d7_1.conda#c3cfd72cbb14113abee7bbd86f44ad69
https://conda.anaconda.org/conda-forge/linux-64/liblapack-3.9.0-32_h7ac8fdf_openblas.conda#6c3f04ccb6c578138e9f9899da0bd714
https://conda.anaconda.org/conda-forge/noarch/partd-1.4.2-pyhd8ed1ab_0.conda#0badf9c54e24cecfb0ad2f99d680c163
https://conda.anaconda.org/conda-forge/linux-64/pillow-11.2.1-py313h8db990d_0.conda#91b00afee98d72d29dc3d1c1ab0008d7
https://conda.anaconda.org/conda-forge/linux-64/prometheus-cpp-1.3.0-ha5d0236_0.conda#a83f6a2fdc079e643237887a37460668
https://conda.anaconda.org/conda-forge/noarch/python-dateutil-2.9.0.post0-pyhe01879c_2.conda#5b8d21249ff20967101ffa321cab24e8
https://conda.anaconda.org/conda-forge/noarch/referencing-0.36.2-pyh29332c3_0.conda#9140f1c09dd5489549c6a33931b943c7
https://conda.anaconda.org/conda-forge/noarch/rfc3339-validator-0.1.4-pyhd8ed1ab_1.conda#36de09a8d3e5d5e6f4ee63af49e59706
https://conda.anaconda.org/conda-forge/noarch/werkzeug-3.1.3-pyhd8ed1ab_1.conda#0a9b57c159d56b508613cc39022c1b9e
https://conda.anaconda.org/conda-forge/linux-64/yarl-1.20.1-py313h8060acc_0.conda#b3659ec61a97eb6f64aeca04effb999d
https://conda.anaconda.org/conda-forge/linux-64/aiohttp-3.12.13-py313h8060acc_0.conda#5509be7947f1cf7c0335a45278fd09d5
https://conda.anaconda.org/conda-forge/linux-64/aws-c-s3-0.8.3-h5e174a9_0.conda#dea2540e57e8c1b949ca58ff4c7c0cbf
https://conda.anaconda.org/conda-forge/linux-64/azure-identity-cpp-1.10.0-h113e628_0.conda#73f73f60854f325a55f1d31459f2ab73
https://conda.anaconda.org/conda-forge/linux-64/azure-storage-common-cpp-12.8.0-h736e048_1.conda#13de36be8de3ae3f05ba127631599213
https://conda.anaconda.org/conda-forge/linux-64/cryptography-45.0.4-py313h6556f6e_0.conda#48fe3ecda5de1fc0362a0821f6ba2378
https://conda.anaconda.org/conda-forge/noarch/dask-core-2025.5.1-pyhd8ed1ab_0.conda#8f0ef561cd615a17df3256742a3457c4
https://conda.anaconda.org/conda-forge/noarch/flask-3.1.1-pyhd8ed1ab_0.conda#ffad1a6161226d41e3735b73bae5c71c
https://conda.anaconda.org/conda-forge/noarch/jsonschema-specifications-2025.4.1-pyh29332c3_0.conda#41ff526b1083fde51fbdc93f29282e0e
https://conda.anaconda.org/conda-forge/linux-64/libgoogle-cloud-2.36.0-hc4361e1_1.conda#ae36e6296a8dd8e8a9a8375965bf6398
https://conda.anaconda.org/conda-forge/linux-64/libnetcdf-4.9.2-nompi_h0134ee8_117.conda#a979c07e8fc0e3f61c24a65d16cc6fbe
https://conda.anaconda.org/conda-forge/linux-64/libopentelemetry-cpp-1.21.0-hd1b1c89_0.conda#4b25cd8720fd8d5319206e4f899f2707
https://conda.anaconda.org/conda-forge/linux-64/numpy-2.3.0-py313h17eae1a_0.conda#db18a34466bef0863e9301b518a75e8f
https://conda.anaconda.org/conda-forge/noarch/pytest-8.4.1-pyhd8ed1ab_0.conda#a49c2283f24696a7b30367b7346a0144
https://conda.anaconda.org/conda-forge/linux-64/zstandard-0.23.0-py313h536fd9c_2.conda#a026ac7917310da90a98eac2c782723c
https://conda.anaconda.org/conda-forge/linux-64/aws-crt-cpp-0.32.10-hff780f1_1.conda#843f52366658086c4f0b0654afbf3730
https://conda.anaconda.org/conda-forge/linux-64/azure-storage-blobs-cpp-12.13.0-h3cf044e_1.conda#7eb66060455c7a47d9dcdbfa9f46579b
https://conda.anaconda.org/conda-forge/linux-64/cftime-1.6.4-py313ha014f3b_1.conda#b20667f9b1d016c1141051a433f76dfc
https://conda.anaconda.org/conda-forge/linux-64/contourpy-1.3.2-py313h33d0bda_0.conda#5dc81fffe102f63045225007a33d6199
https://conda.anaconda.org/conda-forge/noarch/flask-cors-6.0.1-pyhe01879c_0.conda#f9e706ca303e7baa8866c416e56c4a45
https://conda.anaconda.org/conda-forge/linux-64/h5py-3.14.0-nompi_py313hfaf8fd4_100.conda#7f4197594732cc668bb79bfa21c6d3ab
https://conda.anaconda.org/conda-forge/noarch/joserfc-1.1.0-pyhd8ed1ab_0.conda#f077299cf193709643d48192ed7934fd
https://conda.anaconda.org/conda-forge/noarch/jsonschema-4.24.0-pyhd8ed1ab_0.conda#59220749abcd119d645e6879983497a1
https://conda.anaconda.org/conda-forge/linux-64/libgoogle-cloud-storage-2.36.0-h0121fbd_1.conda#a0f7588c1f0a26d550e7bae4fb49427a
https://conda.anaconda.org/conda-forge/linux-64/numcodecs-0.16.1-py313ha87cce1_0.conda#1a2c7ab508d5c7ae876bf7e064a1e0cf
https://conda.anaconda.org/conda-forge/linux-64/pandas-2.3.0-py313ha87cce1_0.conda#8664b4fa9b5b23b0d1cdc55c7195fcfe
https://conda.anaconda.org/conda-forge/noarch/pytest-cov-6.2.1-pyhd8ed1ab_0.conda#ce978e1b9ed8b8d49164e90a5cdc94cd
https://conda.anaconda.org/conda-forge/noarch/pytest-metadata-3.1.1-pyhd8ed1ab_1.conda#c4b7295798eff80144dc4ca4551efa80
https://conda.anaconda.org/conda-forge/noarch/pytest-xdist-3.7.0-pyhd8ed1ab_0.conda#15353a2a0ea6dfefaa52fc5ab5b98f41
https://conda.anaconda.org/conda-forge/noarch/urllib3-2.5.0-pyhd8ed1ab_0.conda#436c165519e140cb08d246a4472a9d6a
https://conda.anaconda.org/conda-forge/linux-64/aws-sdk-cpp-1.11.510-h937e755_12.conda#f4e09870ecaceb4594574e515bb04747
https://conda.anaconda.org/conda-forge/linux-64/azure-storage-files-datalake-cpp-12.12.0-ha633028_1.conda#7c1980f89dd41b097549782121a73490
https://conda.anaconda.org/conda-forge/noarch/bokeh-3.7.3-pyhd8ed1ab_0.conda#708d2f99b8a2c833ff164a225a265e76
https://conda.anaconda.org/conda-forge/noarch/botocore-1.38.27-pyge310_1234567_0.conda#7c43fd4ddc5c5454404b8c8b01fd0021
https://conda.anaconda.org/conda-forge/noarch/distributed-2025.5.1-pyhd8ed1ab_0.conda#d2949f56a1479507e36e847681903376
https://conda.anaconda.org/conda-forge/noarch/h5netcdf-1.6.3-pyhd8ed1ab_0.conda#89617cc3dbdca99c74d72c94a2ec651d
https://conda.anaconda.org/conda-forge/linux-64/netcdf4-1.7.2-nompi_py313h6d1955d_102.conda#1715ff41a8bb9b6c883067586cbd8c39
https://conda.anaconda.org/conda-forge/noarch/openapi-schema-validator-0.6.3-pyhd8ed1ab_0.conda#d99b3bb08a0d8c7116e15469ee0bed86
https://conda.anaconda.org/conda-forge/noarch/pytest-html-4.1.1-pyhd8ed1ab_1.conda#010e50e74c467db278f1398a74106a04
https://conda.anaconda.org/conda-forge/noarch/requests-2.32.4-pyhd8ed1ab_0.conda#f6082eae112814f1447b56a5e1f6ed05
https://conda.anaconda.org/conda-forge/noarch/aiobotocore-2.23.0-pyhd8ed1ab_0.conda#cb0eb51ffba34d35cbcd608c405fd66b
https://conda.anaconda.org/conda-forge/noarch/aws-xray-sdk-2.14.0-pyhd8ed1ab_1.conda#fcb64fea2dd8454379e3a6872415fa99
https://conda.anaconda.org/conda-forge/noarch/jsonschema-path-0.3.4-pyh29332c3_0.conda#2db827e73306cbf15c69ee52b250d68b
https://conda.anaconda.org/conda-forge/linux-64/libarrow-20.0.0-h1b9301b_8_cpu.conda#31fc3235e7c84fe61575041cad3756a8
https://conda.anaconda.org/conda-forge/noarch/responses-0.25.7-pyhd8ed1ab_0.conda#094c2d059fb312cfd33f9c4beb516141
https://conda.anaconda.org/conda-forge/noarch/s3transfer-0.13.0-pyhd8ed1ab_0.conda#fc03973db0d41d9dcd84dc0dfc824b86
https://conda.anaconda.org/conda-forge/noarch/boto3-1.38.27-pyhd8ed1ab_0.conda#bfadf1c0b1b1b51c4649c612d2fb1a4b
https://conda.anaconda.org/conda-forge/linux-64/libarrow-acero-20.0.0-hcb10f89_8_cpu.conda#a9d337e1f407c5d92e609cb39c803343
https://conda.anaconda.org/conda-forge/linux-64/libparquet-20.0.0-h081d1f1_8_cpu.conda#d64065a5ab0a8d466b7431049e531995
https://conda.anaconda.org/conda-forge/noarch/openapi-spec-validator-0.7.2-pyhe01879c_0.conda#2541181696d89a4225d7e39bd5e8c200
https://conda.anaconda.org/conda-forge/linux-64/pyarrow-core-20.0.0-py313he5f92c8_0_cpu.conda#2afdef63d9fbc2cd0e52f8e8f3472404
https://conda.anaconda.org/conda-forge/noarch/s3fs-2025.5.1-pyhd8ed1ab_0.conda#a7541a9a319114543132702eb1b94b10
https://conda.anaconda.org/conda-forge/linux-64/libarrow-dataset-20.0.0-hcb10f89_8_cpu.conda#14bb8eeeff090f873056fa629d2d82b5
https://conda.anaconda.org/conda-forge/noarch/moto-5.1.6-pyhd8ed1ab_0.conda#0c1014dded418f77e83a32ca16c3073a
https://conda.anaconda.org/conda-forge/linux-64/libarrow-substrait-20.0.0-h1bed206_8_cpu.conda#8a98f2bf0cf61725f8842ec45dbd7986
https://conda.anaconda.org/conda-forge/linux-64/pyarrow-20.0.0-py313h78bf25f_0.conda#6b8d388845ce750fe2ad8436669182f3
https://conda.anaconda.org/conda-forge/noarch/dask-2025.5.1-pyhd8ed1ab_0.conda#97ee3885b8de1d729c40f28c2dddb335
https://conda.anaconda.org/conda-forge/noarch/autodocsumm-0.2.14-pyhd8ed1ab_0.conda#351a11ac1215eb4f6c5b82e30070277a
https://conda.anaconda.org/conda-forge/noarch/sphinxcontrib-applehelp-2.0.0-pyhd8ed1ab_1.conda#16e3f039c0aa6446513e94ab18a8784b
https://conda.anaconda.org/conda-forge/noarch/sphinxcontrib-devhelp-2.0.0-pyhd8ed1ab_1.conda#910f28a05c178feba832f842155cbfff
https://conda.anaconda.org/conda-forge/noarch/sphinxcontrib-htmlhelp-2.1.0-pyhd8ed1ab_1.conda#e9fb3fe8a5b758b4aff187d434f94f03
https://conda.anaconda.org/conda-forge/noarch/sphinxcontrib-jquery-4.1-pyhd8ed1ab_1.conda#403185829255321ea427333f7773dd1f
https://conda.anaconda.org/conda-forge/noarch/sphinx_rtd_theme-3.0.1-pyha770c72_0.conda#740536f8a54250b1964e494c0bf5c9c3
https://conda.anaconda.org/conda-forge/noarch/sphinxcontrib-qthelp-2.0.0-pyhd8ed1ab_1.conda#00534ebcc0375929b45c3039b5ba7636
https://conda.anaconda.org/conda-forge/noarch/sphinx-8.2.3-pyhd8ed1ab_0.conda#f7af826063ed569bb13f7207d6f949b0
https://conda.anaconda.org/conda-forge/noarch/sphinxcontrib-serializinghtml-1.1.10-pyhd8ed1ab_1.conda#3bc61f7161d28137797e038263c04c54
