# Generated by conda-lock.
# platform: linux-64
# input_hash: 64569ace05c091860e6fdf52168bfab3223196bd1f692e7b5d452ac534cbc675
@EXPLICIT
https://conda.anaconda.org/conda-forge/linux-64/_libgcc_mutex-0.1-conda_forge.tar.bz2#d7c89558ba9fa0495403155b64376d81
https://conda.anaconda.org/conda-forge/linux-64/ca-certificates-2022.12.7-ha878542_0.conda#ff9f73d45c4a07d6f424495288a26080
https://conda.anaconda.org/conda-forge/linux-64/ld_impl_linux-64-2.40-h41732ed_0.conda#7aca3059a1729aa76c597603f10b0dd3
https://conda.anaconda.org/conda-forge/linux-64/libgfortran5-12.2.0-h337968e_19.tar.bz2#164b4b1acaedc47ee7e658ae6b308ca3
https://conda.anaconda.org/conda-forge/linux-64/libstdcxx-ng-12.2.0-h46fd767_19.tar.bz2#1030b1f38c129f2634eae026f704fe60
https://conda.anaconda.org/conda-forge/linux-64/python_abi-3.11-3_cp311.conda#c2e2630ddb68cf52eec74dc7dfab20b5
https://conda.anaconda.org/conda-forge/noarch/tzdata-2022g-h191b570_0.conda#51fc4fcfb19f5d95ffc8c339db5068e8
https://conda.anaconda.org/conda-forge/linux-64/libgfortran-ng-12.2.0-h69a702a_19.tar.bz2#cd7a806282c16e1f2d39a7e80d3a3e0d
https://conda.anaconda.org/conda-forge/linux-64/libgomp-12.2.0-h65d4601_19.tar.bz2#cedcee7c064c01c403f962c9e8d3c373
https://conda.anaconda.org/conda-forge/linux-64/_openmp_mutex-4.5-2_gnu.tar.bz2#73aaf86a425cc6e73fcf236a5a46396d
https://conda.anaconda.org/conda-forge/linux-64/libgcc-ng-12.2.0-h65d4601_19.tar.bz2#e4c94f80aef025c17ab0828cd85ef535
https://conda.anaconda.org/conda-forge/linux-64/aws-c-common-0.8.12-h0b41bf4_0.conda#557c80fc2ac2794f614ffc3f9397f57a
https://conda.anaconda.org/conda-forge/linux-64/bzip2-1.0.8-h7f98852_4.tar.bz2#a1fd65c7ccbf10880423d82bca54eb54
https://conda.anaconda.org/conda-forge/linux-64/c-ares-1.18.1-h7f98852_0.tar.bz2#f26ef8098fab1f719c91eb760d63381a
https://conda.anaconda.org/conda-forge/linux-64/gflags-2.2.2-he1b5a44_1004.tar.bz2#cddaf2c63ea4a5901cf09524c490ecdc
https://conda.anaconda.org/conda-forge/linux-64/icu-70.1-h27087fc_0.tar.bz2#87473a15119779e021c314249d4b4aed
https://conda.anaconda.org/conda-forge/linux-64/keyutils-1.6.1-h166bdaf_0.tar.bz2#30186d27e2c9fa62b45fb1476b7200e3
https://conda.anaconda.org/conda-forge/linux-64/lerc-4.0.0-h27087fc_0.tar.bz2#76bbff344f0134279f225174e9064c8f
https://conda.anaconda.org/conda-forge/linux-64/libabseil-20230125.0-cxx17_hcb278e6_1.conda#a1c65f83198fd8d0328c0a6482c6f31b
https://conda.anaconda.org/conda-forge/linux-64/libaec-1.0.6-hcb278e6_1.conda#0f683578378cddb223e7fd24f785ab2a
https://conda.anaconda.org/conda-forge/linux-64/libbrotlicommon-1.0.9-h166bdaf_8.tar.bz2#9194c9bf9428035a05352d031462eae4
https://conda.anaconda.org/conda-forge/linux-64/libcrc32c-1.1.2-h9c3ff4c_0.tar.bz2#c965a5aa0d5c1c37ffc62dff36e28400
https://conda.anaconda.org/conda-forge/linux-64/libdeflate-1.17-h0b41bf4_0.conda#5cc781fd91968b11a8a7fdbee0982676
https://conda.anaconda.org/conda-forge/linux-64/libev-4.33-h516909a_1.tar.bz2#6f8720dff19e17ce5d48cfe7f3d2f0a3
https://conda.anaconda.org/conda-forge/linux-64/libffi-3.4.2-h7f98852_5.tar.bz2#d645c6d2ac96843a2bfaccd2d62b3ac3
https://conda.anaconda.org/conda-forge/linux-64/libiconv-1.17-h166bdaf_0.tar.bz2#b62b52da46c39ee2bc3c162ac7f1804d
https://conda.anaconda.org/conda-forge/linux-64/libjpeg-turbo-2.1.5.1-h0b41bf4_0.conda#1edd9e67bdb90d78cea97733ff6b54e6
https://conda.anaconda.org/conda-forge/linux-64/libnsl-2.0.0-h7f98852_0.tar.bz2#39b1328babf85c7c3a61636d9cd50206
https://conda.anaconda.org/conda-forge/linux-64/libopenblas-0.3.21-pthreads_h78a6416_3.tar.bz2#8c5963a49b6035c40646a763293fbb35
https://conda.anaconda.org/conda-forge/linux-64/libutf8proc-2.8.0-h166bdaf_0.tar.bz2#ede4266dc02e875fe1ea77b25dd43747
https://conda.anaconda.org/conda-forge/linux-64/libuuid-2.32.1-h7f98852_1000.tar.bz2#772d69f030955d9646d3d0eaf21d859d
https://conda.anaconda.org/conda-forge/linux-64/libwebp-base-1.2.4-h166bdaf_0.tar.bz2#ac2ccf7323d21f2994e4d1f5da664f37
https://conda.anaconda.org/conda-forge/linux-64/libzlib-1.2.13-h166bdaf_4.tar.bz2#f3f9de449d32ca9b9c66a22863c96f41
https://conda.anaconda.org/conda-forge/linux-64/lz4-c-1.9.4-hcb278e6_0.conda#318b08df404f9c9be5712aaa5a6f0bb0
https://conda.anaconda.org/conda-forge/linux-64/ncurses-6.3-h27087fc_1.tar.bz2#4acfc691e64342b9dae57cf2adc63238
https://conda.anaconda.org/conda-forge/linux-64/openssl-3.0.8-h0b41bf4_0.conda#e043403cd18faf815bf7705ab6c1e092
https://conda.anaconda.org/conda-forge/linux-64/pthread-stubs-0.4-h36c2ea0_1001.tar.bz2#22dad4df6e8630e8dff2428f6f6a7036
https://conda.anaconda.org/conda-forge/linux-64/re2-2023.02.02-hcb278e6_0.conda#ecfc7890f1bd597ba55fbda1396f46fe
https://conda.anaconda.org/conda-forge/linux-64/snappy-1.1.9-hbd366e4_2.tar.bz2#48018e187dacc6002d3ede9c824238ac
https://conda.anaconda.org/conda-forge/linux-64/xorg-libxau-1.0.9-h7f98852_0.tar.bz2#bf6f803a544f26ebbdc3bfff272eb179
https://conda.anaconda.org/conda-forge/linux-64/xorg-libxdmcp-1.1.3-h7f98852_0.tar.bz2#be93aabceefa2fac576e971aef407908
https://conda.anaconda.org/conda-forge/linux-64/xz-5.2.6-h166bdaf_0.tar.bz2#2161070d867d1b1204ea749c8eec4ef0
https://conda.anaconda.org/conda-forge/linux-64/yaml-0.2.5-h7f98852_2.tar.bz2#4cb3ad778ec2d5a7acbdf254eb1c42ae
https://conda.anaconda.org/conda-forge/linux-64/aws-c-cal-0.5.21-hb6b25a1_1.conda#d48d7200eb2354de72964bd0bda7c1a2
https://conda.anaconda.org/conda-forge/linux-64/aws-c-compression-0.2.16-hea85486_4.conda#9c915c04059d68689e71d9b1376be8f8
https://conda.anaconda.org/conda-forge/linux-64/aws-c-sdkutils-0.1.7-hea85486_4.conda#eda25b4db3b997a26996fd70c0da8b58
https://conda.anaconda.org/conda-forge/linux-64/aws-checksums-0.1.14-hea85486_4.conda#e58994acb13259a4a6fada3f847eef29
https://conda.anaconda.org/conda-forge/linux-64/glog-0.6.0-h6f12383_0.tar.bz2#b31f3565cb84435407594e548a2fb7b2
https://conda.anaconda.org/conda-forge/linux-64/hdf4-4.2.15-h501b40f_6.conda#c3e9338e15d90106f467377017352b97
https://conda.anaconda.org/conda-forge/linux-64/libblas-3.9.0-16_linux64_openblas.tar.bz2#d9b7a8639171f6c6fa0a983edabcfe2b
https://conda.anaconda.org/conda-forge/linux-64/libbrotlidec-1.0.9-h166bdaf_8.tar.bz2#4ae4d7795d33e02bd20f6b23d91caf82
https://conda.anaconda.org/conda-forge/linux-64/libbrotlienc-1.0.9-h166bdaf_8.tar.bz2#04bac51ba35ea023dc48af73c1c88c25
https://conda.anaconda.org/conda-forge/linux-64/libedit-3.1.20191231-he28a2e2_2.tar.bz2#4d331e44109e3f0e19b4cb8f9b82f3e1
https://conda.anaconda.org/conda-forge/linux-64/libevent-2.1.10-h28343ad_4.tar.bz2#4a049fc560e00e43151dc51368915fdd
https://conda.anaconda.org/conda-forge/linux-64/libnghttp2-1.52.0-h61bc06f_0.conda#613955a50485812985c059e7b269f42e
https://conda.anaconda.org/conda-forge/linux-64/libpng-1.6.39-h753d276_0.conda#e1c890aebdebbfbf87e2c917187b4416
https://conda.anaconda.org/conda-forge/linux-64/libprotobuf-3.21.12-h3eb15da_0.conda#4b36c68184c6c85d88c6e595a32a1ede
https://conda.anaconda.org/conda-forge/linux-64/libsqlite-3.40.0-h753d276_0.tar.bz2#2e5f9a37d487e1019fd4d8113adb2f9f
https://conda.anaconda.org/conda-forge/linux-64/libssh2-1.10.0-hf14f497_3.tar.bz2#d85acad4b47dff4e3def14a769a97906
https://conda.anaconda.org/conda-forge/linux-64/libxcb-1.13-h7f98852_1004.tar.bz2#b3653fdc58d03face9724f602218a904
https://conda.anaconda.org/conda-forge/linux-64/libxml2-2.10.3-h7463322_0.tar.bz2#3b933ea47ef8f330c4c068af25fcd6a8
https://conda.anaconda.org/conda-forge/linux-64/libzip-1.9.2-hc929e4a_1.tar.bz2#5b122b50e738c4be5c3f2899f010d7cf
https://conda.anaconda.org/conda-forge/linux-64/readline-8.1.2-h0f457ee_0.tar.bz2#db2ebbe2943aae81ed051a6a9af8e0fa
https://conda.anaconda.org/conda-forge/linux-64/s2n-1.3.38-h3358134_0.conda#89d9239ce9a967cf2d97c745a5ed2639
https://conda.anaconda.org/conda-forge/linux-64/tk-8.6.12-h27826a3_0.tar.bz2#5b8c42eb62e9fc961af70bdd6a26e168
https://conda.anaconda.org/conda-forge/linux-64/zlib-1.2.13-h166bdaf_4.tar.bz2#4b11e365c0275b808be78b30f904e295
https://conda.anaconda.org/conda-forge/linux-64/zstd-1.5.2-h3eb15da_6.conda#6b63daed8feeca47be78f323e793d555
https://conda.anaconda.org/conda-forge/linux-64/aws-c-io-0.13.18-hf4b7f4e_3.conda#e685ae7bdb15b81615fee6bceebba9ae
https://conda.anaconda.org/conda-forge/linux-64/freetype-2.12.1-hca18f0e_1.conda#e1232042de76d24539a436d37597eb06
https://conda.anaconda.org/conda-forge/linux-64/krb5-1.20.1-h81ceb04_0.conda#89a41adce7106749573d883b2f657d78
https://conda.anaconda.org/conda-forge/linux-64/libcblas-3.9.0-16_linux64_openblas.tar.bz2#20bae26d0a1db73f758fc3754cab4719
https://conda.anaconda.org/conda-forge/linux-64/libgrpc-1.51.1-hcf146ea_3.conda#b6af9bf34136153eee4d5df0d768cd6d
https://conda.anaconda.org/conda-forge/linux-64/liblapack-3.9.0-16_linux64_openblas.tar.bz2#955d993f41f9354bf753d29864ea20ad
https://conda.anaconda.org/conda-forge/linux-64/libthrift-0.18.0-h5e4af38_0.conda#46afa134d938663fbc8e66bb8ede5abe
https://conda.anaconda.org/conda-forge/linux-64/libtiff-4.5.0-hddfeb54_5.conda#d2343e6594c2a4a654a475a6131ef20d
https://conda.anaconda.org/conda-forge/linux-64/orc-1.8.2-hfdbbad2_2.conda#3a7319406d88f6ad2242f29e835ac707
https://conda.anaconda.org/conda-forge/linux-64/python-3.11.0-he550d4f_1_cpython.conda#8d14fc2aa12db370a443753c8230be1e
https://conda.anaconda.org/conda-forge/noarch/asciitree-0.3.3-py_2.tar.bz2#c0481c9de49f040272556e2cedf42816
https://conda.anaconda.org/conda-forge/noarch/attrs-22.2.0-pyh71513ae_0.conda#8b76db7818a4e401ed4486c4c1635cd9
https://conda.anaconda.org/conda-forge/linux-64/aws-c-event-stream-0.2.20-hddb6542_2.conda#7c5fc2642e2a49ac50574c972942480d
https://conda.anaconda.org/conda-forge/linux-64/aws-c-http-0.7.5-hdfd1699_3.conda#c40fda6b48dd8e10639020bd50a7a8d1
https://conda.anaconda.org/conda-forge/noarch/cached_property-1.5.2-pyha770c72_1.tar.bz2#576d629e47797577ab0f1b351297ef4a
https://conda.anaconda.org/conda-forge/noarch/certifi-2022.12.7-pyhd8ed1ab_0.conda#fb9addc3db06e56abe03e0e9f21a63e6
https://conda.anaconda.org/conda-forge/noarch/click-8.1.3-unix_pyhd8ed1ab_2.tar.bz2#20e4087407c7cb04a40817114b333dbf
https://conda.anaconda.org/conda-forge/noarch/cloudpickle-2.2.1-pyhd8ed1ab_0.conda#b325bfc4cff7d7f8a868f1f7ecc4ed16
https://conda.anaconda.org/conda-forge/noarch/colorama-0.4.6-pyhd8ed1ab_0.tar.bz2#3faab06a954c2a04039983f2c4a50d99
https://conda.anaconda.org/conda-forge/noarch/entrypoints-0.4-pyhd8ed1ab_0.tar.bz2#3cf04868fee0a029769bd41f4b2fbf2d
https://conda.anaconda.org/conda-forge/noarch/exceptiongroup-1.1.0-pyhd8ed1ab_0.conda#a385c3e8968b4cf8fbc426ace915fd1a
https://conda.anaconda.org/conda-forge/noarch/fasteners-0.17.3-pyhd8ed1ab_0.tar.bz2#348e27e78a5e39090031448c72f66d5e
https://conda.anaconda.org/conda-forge/noarch/fsspec-2023.3.0-pyhd8ed1ab_1.conda#0db48a2f5a68e28e5af8d3df276f2255
https://conda.anaconda.org/conda-forge/noarch/heapdict-1.0.1-py_0.tar.bz2#77242bfb1e74a627fb06319b5a2d3b95
https://conda.anaconda.org/conda-forge/noarch/idna-3.4-pyhd8ed1ab_0.tar.bz2#34272b248891bddccc64479f9a7fffed
https://conda.anaconda.org/conda-forge/noarch/iniconfig-2.0.0-pyhd8ed1ab_0.conda#f800d2da156d08e289b14e87e43c1ae5
https://conda.anaconda.org/conda-forge/linux-64/lcms2-2.15-haa2dc70_1.conda#980d8aca0bc23ca73fa8caa3e7c84c28
https://conda.anaconda.org/conda-forge/linux-64/libcurl-7.88.1-hdc1c0ab_0.conda#81eaeb3b35163c8e90e57532bc93754d
https://conda.anaconda.org/conda-forge/noarch/locket-1.0.0-pyhd8ed1ab_0.tar.bz2#91e27ef3d05cc772ce627e51cff111c4
https://conda.anaconda.org/conda-forge/linux-64/lz4-4.3.2-py311h9f220a4_0.conda#b8aad2507303e04037e8d02d8ac54217
https://conda.anaconda.org/conda-forge/linux-64/markupsafe-2.1.2-py311h2582759_0.conda#adb20bd57069614552adac60a020c36d
https://conda.anaconda.org/conda-forge/linux-64/msgpack-python-1.0.5-py311ha3edf6b_0.conda#7415f24f8c44e44152623d93c5015000
https://conda.anaconda.org/conda-forge/linux-64/numpy-1.24.2-py311h8e6699e_0.conda#90db8cc0dfa20853329bfc6642f887aa
https://conda.anaconda.org/conda-forge/linux-64/openjpeg-2.5.0-hfec8fc6_2.conda#5ce6a42505c6e9e6151c54c3ec8d68ea
https://conda.anaconda.org/conda-forge/noarch/packaging-23.0-pyhd8ed1ab_0.conda#1ff2e3ca41f0ce16afec7190db28288b
https://conda.anaconda.org/conda-forge/noarch/pluggy-1.0.0-pyhd8ed1ab_5.tar.bz2#7d301a0d25f424d96175f810935f0da9
https://conda.anaconda.org/conda-forge/linux-64/psutil-5.9.4-py311hd4cff14_0.tar.bz2#6fbda857a56adb4140bed339fbe0b801
https://conda.anaconda.org/conda-forge/noarch/pycparser-2.21-pyhd8ed1ab_0.tar.bz2#076becd9e05608f8dc72757d5f3a91ff
https://conda.anaconda.org/conda-forge/noarch/pysocks-1.7.1-pyha2e5f31_6.tar.bz2#2a7de29fb590ca14b5243c4c812c8025
https://conda.anaconda.org/conda-forge/noarch/pytz-2022.7.1-pyhd8ed1ab_0.conda#f59d49a7b464901cf714b9e7984d01a2
https://conda.anaconda.org/conda-forge/linux-64/pyyaml-6.0-py311hd4cff14_5.tar.bz2#da8769492e423103c59f469f4f17f8d9
https://conda.anaconda.org/conda-forge/noarch/setuptools-67.6.0-pyhd8ed1ab_0.conda#e18ed61c37145bb9b48d1d98801960f7
https://conda.anaconda.org/conda-forge/noarch/six-1.16.0-pyh6c4a22f_0.tar.bz2#e5f25f8dbc060e9a8d912e432202afc2
https://conda.anaconda.org/conda-forge/noarch/sortedcontainers-2.4.0-pyhd8ed1ab_0.tar.bz2#6d6552722448103793743dabfbda532d
https://conda.anaconda.org/conda-forge/noarch/tblib-1.7.0-pyhd8ed1ab_0.tar.bz2#3d4afc31302aa7be471feb6be048ed76
https://conda.anaconda.org/conda-forge/noarch/tomli-2.0.1-pyhd8ed1ab_0.tar.bz2#5844808ffab9ebdb694585b50ba02a96
https://conda.anaconda.org/conda-forge/noarch/toolz-0.12.0-pyhd8ed1ab_0.tar.bz2#92facfec94bc02d6ccf42e7173831a36
https://conda.anaconda.org/conda-forge/linux-64/tornado-6.2-py311hd4cff14_1.tar.bz2#4d86cd6dbdc1185f4e72d974f1f1f852
https://conda.anaconda.org/conda-forge/noarch/typing_extensions-4.4.0-pyha770c72_0.tar.bz2#2d93b130d148d7fc77e583677792fc6a
https://conda.anaconda.org/conda-forge/linux-64/ujson-5.7.0-py311hcafe171_0.conda#ec3960b6d13bb60aad9c67f42a801720
https://conda.anaconda.org/conda-forge/noarch/wheel-0.38.4-pyhd8ed1ab_0.tar.bz2#c829cfb8cb826acb9de0ac1a2df0a940
https://conda.anaconda.org/conda-forge/linux-64/aws-c-auth-0.6.25-haec726b_4.conda#d5adc19386c33b3761b4846a37cf07ed
https://conda.anaconda.org/conda-forge/linux-64/aws-c-mqtt-0.8.6-hfdaba90_9.conda#241e1320590c8192e52bbc827417b134
https://conda.anaconda.org/conda-forge/noarch/cached-property-1.5.2-hd8ed1ab_1.tar.bz2#9b347a7ec10940d3f7941ff6c460b551
https://conda.anaconda.org/conda-forge/linux-64/cffi-1.15.1-py311h409f033_3.conda#9025d0786dbbe4bc91fd8e85502decce
https://conda.anaconda.org/conda-forge/linux-64/cftime-1.6.2-py311h4c7f6c3_1.tar.bz2#c7e54004ffd03f8db0a58ab949f2a00b
https://conda.anaconda.org/conda-forge/linux-64/curl-7.88.1-hdc1c0ab_0.conda#1968e4fef727858ac04746560e820928
https://conda.anaconda.org/conda-forge/linux-64/cytoolz-0.12.0-py311hd4cff14_1.tar.bz2#21523141b35484b1edafba962c6ea883
https://conda.anaconda.org/conda-forge/linux-64/hdf5-1.12.2-nompi_h4df4325_101.conda#162a25904af6586b234b2dd52ee99c61
https://conda.anaconda.org/conda-forge/noarch/jinja2-3.1.2-pyhd8ed1ab_1.tar.bz2#c8490ed5c70966d232fdd389d0dbed37
https://conda.anaconda.org/conda-forge/linux-64/libgoogle-cloud-2.8.0-h3c06191_0.conda#2ce91cec9301ef6970355d078ee05666
https://conda.anaconda.org/conda-forge/linux-64/numcodecs-0.11.0-py311hcafe171_1.conda#ecdaf0772e524ed51218f6d52ef74424
https://conda.anaconda.org/conda-forge/noarch/partd-1.3.0-pyhd8ed1ab_0.tar.bz2#af8c82d121e63082926062d61d9abb54
https://conda.anaconda.org/conda-forge/linux-64/pillow-9.4.0-py311h573f0d3_2.conda#7321881b545202cf9ab8bd24b4151dcb
https://conda.anaconda.org/conda-forge/noarch/pip-23.0.1-pyhd8ed1ab_0.conda#8025ca83b8ba5430b640b83917c2a6f7
https://conda.anaconda.org/conda-forge/noarch/pytest-7.2.2-pyhd8ed1ab_0.conda#60958b19354e0ec295b43f6ab5cfab86
https://conda.anaconda.org/conda-forge/noarch/python-dateutil-2.8.2-pyhd8ed1ab_0.tar.bz2#dd999d1cc9f79e67dbb855c8924c7984
https://conda.anaconda.org/conda-forge/noarch/zict-2.2.0-pyhd8ed1ab_0.tar.bz2#cd563d01df94e51f968645dbf3b310b0
https://conda.anaconda.org/conda-forge/linux-64/aws-c-s3-0.2.5-hf4c50b5_5.conda#bf76e11520fc9136688b1421fd2d4a3b
https://conda.anaconda.org/conda-forge/noarch/bokeh-2.4.3-pyhd8ed1ab_3.tar.bz2#e4c6e6d99add99cede5328d811cacb21
https://conda.anaconda.org/conda-forge/linux-64/brotlipy-0.7.0-py311hd4cff14_1005.tar.bz2#9bdac7084ecfc08338bae1b976535724
https://conda.anaconda.org/conda-forge/linux-64/cryptography-39.0.2-py311h9b4c7bb_0.conda#f2e305191c0e28ef746a4e6b365807f9
https://conda.anaconda.org/conda-forge/noarch/dask-core-2023.3.1-pyhd8ed1ab_0.conda#0a3abdbff6e296d056ce01ee3529638d
https://conda.anaconda.org/conda-forge/linux-64/h5py-3.8.0-nompi_py311h1db17ec_100.conda#ed544114e2a94483f934aaa41b0c9397
https://conda.anaconda.org/conda-forge/linux-64/libnetcdf-4.9.1-nompi_hd2e9713_102.conda#f2c2b7f450f14a2a2d2891183b7bff52
https://conda.anaconda.org/conda-forge/linux-64/pandas-1.5.3-py311h2872171_0.conda#a129a2aa7f5c2f45808399d60c3080f2
https://conda.anaconda.org/conda-forge/noarch/zarr-2.13.6-pyhd8ed1ab_0.conda#df290eeb1605339bc6b13bf96acf3781
https://conda.anaconda.org/conda-forge/linux-64/aws-crt-cpp-0.19.8-h30838a0_6.conda#948e58d06c8235bd9787ff1a40b5e219
https://conda.anaconda.org/conda-forge/noarch/kerchunk-0.1.0-pyhd8ed1ab_0.conda#e1fee07ef29aded56be851afb9afba63
https://conda.anaconda.org/conda-forge/linux-64/netcdf4-1.6.3-nompi_py311ha396515_100.conda#04fe29346cb9f44217884d327190071f
https://conda.anaconda.org/conda-forge/noarch/pyopenssl-23.0.0-pyhd8ed1ab_0.conda#d41957700e83bbb925928764cb7f8878
https://conda.anaconda.org/conda-forge/noarch/xarray-2023.2.0-pyhd8ed1ab_0.conda#fb463f99beba9fa120f23f95f9dd5467
https://conda.anaconda.org/conda-forge/linux-64/aws-sdk-cpp-1.10.57-hd18c533_7.conda#70d5e26b7998d83b3191b76b232444d1
https://conda.anaconda.org/conda-forge/noarch/urllib3-1.26.14-pyhd8ed1ab_0.conda#01f33ad2e0aaf6b5ba4add50dad5ad29
https://conda.anaconda.org/conda-forge/noarch/distributed-2023.3.1-pyhd8ed1ab_0.conda#f115c48a59b7650876187e32ebaa5e03
https://conda.anaconda.org/conda-forge/linux-64/libarrow-11.0.0-h33598ff_9_cpu.conda#6e8519a3953416d79dddce116079988e
https://conda.anaconda.org/conda-forge/linux-64/arrow-cpp-11.0.0-ha770c72_9_cpu.conda#2e2dda7be2309fc36837ae9c46a4437f
https://conda.anaconda.org/conda-forge/noarch/parquet-cpp-1.5.1-2.tar.bz2#79a5f78c42817594ae016a7896521a97
https://conda.anaconda.org/conda-forge/linux-64/pyarrow-11.0.0-py311hbdf6286_9_cpu.conda#41ed95102fe9efaedf784b3afe60f2ef
https://conda.anaconda.org/conda-forge/noarch/dask-2023.3.1-pyhd8ed1ab_0.conda#df7b408dafa227e7f933addd71d8a5ed
